
Microsoft Visual Studio Solution File, Format Version 12.00
# Visual Studio 14
VisualStudioVersion = 14.0.25420.1
MinimumVisualStudioVersion = 10.0.40219.1
Project("{F088123C-0E9E-452A-89E6-6BA2F21D5CAC}") = "Architecture", "Brainstorming\Architecture.modelproj", "{1A7BE31F-52CE-401D-AB6E-474C9859379E}"
EndProject
Project("{FAE04EC0-301F-11D3-BF4B-00C04F79EFBC}") = "PA-4 Console", "PA-4 Console\PA-4 Console.csproj", "{C53C109B-2496-4D0E-A0AF-3780465C466A}"
EndProject
Project("{FAE04EC0-301F-11D3-BF4B-00C04F79EFBC}") = "PA-4 GUI", "PA-4 GUI\PA-4 GUI.csproj", "{298AED0B-9C44-4011-AF8F-50F97CD3227F}"
EndProject
Global
	GlobalSection(SolutionConfigurationPlatforms) = preSolution
		Debug|Any CPU = Debug|Any CPU
		Release|Any CPU = Release|Any CPU
	EndGlobalSection
	GlobalSection(ProjectConfigurationPlatforms) = postSolution
		{1A7BE31F-52CE-401D-AB6E-474C9859379E}.Debug|Any CPU.ActiveCfg = Debug|Any CPU
		{1A7BE31F-52CE-401D-AB6E-474C9859379E}.Debug|Any CPU.Build.0 = Debug|Any CPU
		{1A7BE31F-52CE-401D-AB6E-474C9859379E}.Release|Any CPU.ActiveCfg = Release|Any CPU
		{1A7BE31F-52CE-401D-AB6E-474C9859379E}.Release|Any CPU.Build.0 = Release|Any CPU
		{C53C109B-2496-4D0E-A0AF-3780465C466A}.Debug|Any CPU.ActiveCfg = Debug|Any CPU
		{C53C109B-2496-4D0E-A0AF-3780465C466A}.Debug|Any CPU.Build.0 = Debug|Any CPU
		{C53C109B-2496-4D0E-A0AF-3780465C466A}.Release|Any CPU.ActiveCfg = Release|Any CPU
		{C53C109B-2496-4D0E-A0AF-3780465C466A}.Release|Any CPU.Build.0 = Release|Any CPU
		{298AED0B-9C44-4011-AF8F-50F97CD3227F}.Debug|Any CPU.ActiveCfg = Debug|Any CPU
		{298AED0B-9C44-4011-AF8F-50F97CD3227F}.Debug|Any CPU.Build.0 = Debug|Any CPU
		{298AED0B-9C44-4011-AF8F-50F97CD3227F}.Release|Any CPU.ActiveCfg = Release|Any CPU
		{298AED0B-9C44-4011-AF8F-50F97CD3227F}.Release|Any CPU.Build.0 = Release|Any CPU
	EndGlobalSection
	GlobalSection(SolutionProperties) = preSolution
		HideSolutionNode = FALSE
	EndGlobalSection
EndGlobal
